// !$*UTF8*$!
{
	archiveVersion = 1;
	classes = {
	};
	objectVersion = 50;
	objects = {

/* Begin PBXBuildFile section */
		CD259628243E153B00D8BD54 /* Map.framework in Frameworks */ = {isa = PBXBuildFile; fileRef = CD25961E243E153B00D8BD54 /* Map.framework */; };
		CD25962D243E153B00D8BD54 /* MapTests.swift in Sources */ = {isa = PBXBuildFile; fileRef = CD25962C243E153B00D8BD54 /* MapTests.swift */; };
		CD25962F243E153B00D8BD54 /* Map.h in Headers */ = {isa = PBXBuildFile; fileRef = CD259621243E153B00D8BD54 /* Map.h */; settings = {ATTRIBUTES = (Public, ); }; };
		CD259650243E16E600D8BD54 /* Map.storyboard in Resources */ = {isa = PBXBuildFile; fileRef = CD259649243E16E600D8BD54 /* Map.storyboard */; };
		CD259651243E16E600D8BD54 /* MapInterfaces.swift in Sources */ = {isa = PBXBuildFile; fileRef = CD25964A243E16E600D8BD54 /* MapInterfaces.swift */; };
		CD259652243E16E600D8BD54 /* MapPresenter.swift in Sources */ = {isa = PBXBuildFile; fileRef = CD25964B243E16E600D8BD54 /* MapPresenter.swift */; };
		CD259653243E16E600D8BD54 /* MapRouter.swift in Sources */ = {isa = PBXBuildFile; fileRef = CD25964C243E16E600D8BD54 /* MapRouter.swift */; };
		CD259654243E16E600D8BD54 /* MapViewController.swift in Sources */ = {isa = PBXBuildFile; fileRef = CD25964D243E16E600D8BD54 /* MapViewController.swift */; };
		CD259655243E16E600D8BD54 /* MapBuilder.swift in Sources */ = {isa = PBXBuildFile; fileRef = CD25964E243E16E600D8BD54 /* MapBuilder.swift */; };
		CD259656243E16E600D8BD54 /* MapInteractor.swift in Sources */ = {isa = PBXBuildFile; fileRef = CD25964F243E16E600D8BD54 /* MapInteractor.swift */; };
/* End PBXBuildFile section */

/* Begin PBXContainerItemProxy section */
		CD259629243E153B00D8BD54 /* PBXContainerItemProxy */ = {
			isa = PBXContainerItemProxy;
			containerPortal = CD259615243E153A00D8BD54 /* Project object */;
			proxyType = 1;
			remoteGlobalIDString = CD25961D243E153B00D8BD54;
			remoteInfo = Map;
		};
/* End PBXContainerItemProxy section */

/* Begin PBXFileReference section */
		CD25961E243E153B00D8BD54 /* Map.framework */ = {isa = PBXFileReference; explicitFileType = wrapper.framework; includeInIndex = 0; path = Map.framework; sourceTree = BUILT_PRODUCTS_DIR; };
		CD259621243E153B00D8BD54 /* Map.h */ = {isa = PBXFileReference; lastKnownFileType = sourcecode.c.h; path = Map.h; sourceTree = "<group>"; };
		CD259622243E153B00D8BD54 /* Info.plist */ = {isa = PBXFileReference; lastKnownFileType = text.plist.xml; path = Info.plist; sourceTree = "<group>"; };
		CD259627243E153B00D8BD54 /* MapTests.xctest */ = {isa = PBXFileReference; explicitFileType = wrapper.cfbundle; includeInIndex = 0; path = MapTests.xctest; sourceTree = BUILT_PRODUCTS_DIR; };
		CD25962C243E153B00D8BD54 /* MapTests.swift */ = {isa = PBXFileReference; lastKnownFileType = sourcecode.swift; path = MapTests.swift; sourceTree = "<group>"; };
		CD25962E243E153B00D8BD54 /* Info.plist */ = {isa = PBXFileReference; lastKnownFileType = text.plist.xml; path = Info.plist; sourceTree = "<group>"; };
		CD259649243E16E600D8BD54 /* Map.storyboard */ = {isa = PBXFileReference; lastKnownFileType = file.storyboard; path = Map.storyboard; sourceTree = "<group>"; };
		CD25964A243E16E600D8BD54 /* MapInterfaces.swift */ = {isa = PBXFileReference; lastKnownFileType = sourcecode.swift; path = MapInterfaces.swift; sourceTree = "<group>"; };
		CD25964B243E16E600D8BD54 /* MapPresenter.swift */ = {isa = PBXFileReference; lastKnownFileType = sourcecode.swift; path = MapPresenter.swift; sourceTree = "<group>"; };
		CD25964C243E16E600D8BD54 /* MapRouter.swift */ = {isa = PBXFileReference; lastKnownFileType = sourcecode.swift; path = MapRouter.swift; sourceTree = "<group>"; };
		CD25964D243E16E600D8BD54 /* MapViewController.swift */ = {isa = PBXFileReference; lastKnownFileType = sourcecode.swift; path = MapViewController.swift; sourceTree = "<group>"; };
		CD25964E243E16E600D8BD54 /* MapBuilder.swift */ = {isa = PBXFileReference; lastKnownFileType = sourcecode.swift; path = MapBuilder.swift; sourceTree = "<group>"; };
		CD25964F243E16E600D8BD54 /* MapInteractor.swift */ = {isa = PBXFileReference; lastKnownFileType = sourcecode.swift; path = MapInteractor.swift; sourceTree = "<group>"; };
/* End PBXFileReference section */

/* Begin PBXFrameworksBuildPhase section */
		CD25961B243E153B00D8BD54 /* Frameworks */ = {
			isa = PBXFrameworksBuildPhase;
			buildActionMask = 2147483647;
			files = (
			);
			runOnlyForDeploymentPostprocessing = 0;
		};
		CD259624243E153B00D8BD54 /* Frameworks */ = {
			isa = PBXFrameworksBuildPhase;
			buildActionMask = 2147483647;
			files = (
				CD259628243E153B00D8BD54 /* Map.framework in Frameworks */,
			);
			runOnlyForDeploymentPostprocessing = 0;
		};
/* End PBXFrameworksBuildPhase section */

/* Begin PBXGroup section */
		CD259614243E153A00D8BD54 = {
			isa = PBXGroup;
			children = (
				CD259620243E153B00D8BD54 /* Map */,
				CD25962B243E153B00D8BD54 /* MapTests */,
				CD25961F243E153B00D8BD54 /* Products */,
			);
			sourceTree = "<group>";
		};
		CD25961F243E153B00D8BD54 /* Products */ = {
			isa = PBXGroup;
			children = (
				CD25961E243E153B00D8BD54 /* Map.framework */,
				CD259627243E153B00D8BD54 /* MapTests.xctest */,
			);
			name = Products;
			sourceTree = "<group>";
		};
		CD259620243E153B00D8BD54 /* Map */ = {
			isa = PBXGroup;
			children = (
				CD259622243E153B00D8BD54 /* Info.plist */,
				CD259621243E153B00D8BD54 /* Map.h */,
				CD259649243E16E600D8BD54 /* Map.storyboard */,
				CD25964E243E16E600D8BD54 /* MapBuilder.swift */,
				CD25964F243E16E600D8BD54 /* MapInteractor.swift */,
				CD25964A243E16E600D8BD54 /* MapInterfaces.swift */,
				CD25964B243E16E600D8BD54 /* MapPresenter.swift */,
				CD25964C243E16E600D8BD54 /* MapRouter.swift */,
				CD25964D243E16E600D8BD54 /* MapViewController.swift */,
			);
			path = Map;
			sourceTree = "<group>";
		};
		CD25962B243E153B00D8BD54 /* MapTests */ = {
			isa = PBXGroup;
			children = (
				CD25962C243E153B00D8BD54 /* MapTests.swift */,
				CD25962E243E153B00D8BD54 /* Info.plist */,
			);
			path = MapTests;
			sourceTree = "<group>";
		};
/* End PBXGroup section */

/* Begin PBXHeadersBuildPhase section */
		CD259619243E153B00D8BD54 /* Headers */ = {
			isa = PBXHeadersBuildPhase;
			buildActionMask = 2147483647;
			files = (
				CD25962F243E153B00D8BD54 /* Map.h in Headers */,
			);
			runOnlyForDeploymentPostprocessing = 0;
		};
/* End PBXHeadersBuildPhase section */

/* Begin PBXNativeTarget section */
		CD25961D243E153B00D8BD54 /* Map */ = {
			isa = PBXNativeTarget;
			buildConfigurationList = CD259632243E153B00D8BD54 /* Build configuration list for PBXNativeTarget "Map" */;
			buildPhases = (
				CD259619243E153B00D8BD54 /* Headers */,
				CD25961A243E153B00D8BD54 /* Sources */,
				CD25961B243E153B00D8BD54 /* Frameworks */,
				CD25961C243E153B00D8BD54 /* Resources */,
			);
			buildRules = (
			);
			dependencies = (
			);
			name = Map;
			productName = Map;
			productReference = CD25961E243E153B00D8BD54 /* Map.framework */;
			productType = "com.apple.product-type.framework";
		};
		CD259626243E153B00D8BD54 /* MapTests */ = {
			isa = PBXNativeTarget;
			buildConfigurationList = CD259635243E153B00D8BD54 /* Build configuration list for PBXNativeTarget "MapTests" */;
			buildPhases = (
				CD259623243E153B00D8BD54 /* Sources */,
				CD259624243E153B00D8BD54 /* Frameworks */,
				CD259625243E153B00D8BD54 /* Resources */,
			);
			buildRules = (
			);
			dependencies = (
				CD25962A243E153B00D8BD54 /* PBXTargetDependency */,
			);
			name = MapTests;
			productName = MapTests;
			productReference = CD259627243E153B00D8BD54 /* MapTests.xctest */;
			productType = "com.apple.product-type.bundle.unit-test";
		};
/* End PBXNativeTarget section */

/* Begin PBXProject section */
		CD259615243E153A00D8BD54 /* Project object */ = {
			isa = PBXProject;
			attributes = {
				LastSwiftUpdateCheck = 1130;
				LastUpgradeCheck = 1130;
				ORGANIZATIONNAME = "Chandra Welim";
				TargetAttributes = {
					CD25961D243E153B00D8BD54 = {
						CreatedOnToolsVersion = 11.3.1;
					};
					CD259626243E153B00D8BD54 = {
						CreatedOnToolsVersion = 11.3.1;
					};
				};
			};
			buildConfigurationList = CD259618243E153A00D8BD54 /* Build configuration list for PBXProject "Map" */;
			compatibilityVersion = "Xcode 9.3";
			developmentRegion = en;
			hasScannedForEncodings = 0;
			knownRegions = (
				en,
				Base,
			);
			mainGroup = CD259614243E153A00D8BD54;
			productRefGroup = CD25961F243E153B00D8BD54 /* Products */;
			projectDirPath = "";
			projectRoot = "";
			targets = (
				CD25961D243E153B00D8BD54 /* Map */,
				CD259626243E153B00D8BD54 /* MapTests */,
			);
		};
/* End PBXProject section */

/* Begin PBXResourcesBuildPhase section */
		CD25961C243E153B00D8BD54 /* Resources */ = {
			isa = PBXResourcesBuildPhase;
			buildActionMask = 2147483647;
			files = (
				CD259650243E16E600D8BD54 /* Map.storyboard in Resources */,
			);
			runOnlyForDeploymentPostprocessing = 0;
		};
		CD259625243E153B00D8BD54 /* Resources */ = {
			isa = PBXResourcesBuildPhase;
			buildActionMask = 2147483647;
			files = (
			);
			runOnlyForDeploymentPostprocessing = 0;
		};
/* End PBXResourcesBuildPhase section */

/* Begin PBXSourcesBuildPhase section */
		CD25961A243E153B00D8BD54 /* Sources */ = {
			isa = PBXSourcesBuildPhase;
			buildActionMask = 2147483647;
			files = (
				CD259651243E16E600D8BD54 /* MapInterfaces.swift in Sources */,
				CD259652243E16E600D8BD54 /* MapPresenter.swift in Sources */,
				CD259655243E16E600D8BD54 /* MapBuilder.swift in Sources */,
				CD259656243E16E600D8BD54 /* MapInteractor.swift in Sources */,
				CD259653243E16E600D8BD54 /* MapRouter.swift in Sources */,
				CD259654243E16E600D8BD54 /* MapViewController.swift in Sources */,
			);
			runOnlyForDeploymentPostprocessing = 0;
		};
		CD259623243E153B00D8BD54 /* Sources */ = {
			isa = PBXSourcesBuildPhase;
			buildActionMask = 2147483647;
			files = (
				CD25962D243E153B00D8BD54 /* MapTests.swift in Sources */,
			);
			runOnlyForDeploymentPostprocessing = 0;
		};
/* End PBXSourcesBuildPhase section */

/* Begin PBXTargetDependency section */
		CD25962A243E153B00D8BD54 /* PBXTargetDependency */ = {
			isa = PBXTargetDependency;
			target = CD25961D243E153B00D8BD54 /* Map */;
			targetProxy = CD259629243E153B00D8BD54 /* PBXContainerItemProxy */;
		};
/* End PBXTargetDependency section */

/* Begin XCBuildConfiguration section */
		CD259630243E153B00D8BD54 /* Debug */ = {
			isa = XCBuildConfiguration;
			buildSettings = {
				ALWAYS_SEARCH_USER_PATHS = NO;
				CLANG_ANALYZER_NONNULL = YES;
				CLANG_ANALYZER_NUMBER_OBJECT_CONVERSION = YES_AGGRESSIVE;
				CLANG_CXX_LANGUAGE_STANDARD = "gnu++14";
				CLANG_CXX_LIBRARY = "libc++";
				CLANG_ENABLE_MODULES = YES;
				CLANG_ENABLE_OBJC_ARC = YES;
				CLANG_ENABLE_OBJC_WEAK = YES;
				CLANG_WARN_BLOCK_CAPTURE_AUTORELEASING = YES;
				CLANG_WARN_BOOL_CONVERSION = YES;
				CLANG_WARN_COMMA = YES;
				CLANG_WARN_CONSTANT_CONVERSION = YES;
				CLANG_WARN_DEPRECATED_OBJC_IMPLEMENTATIONS = YES;
				CLANG_WARN_DIRECT_OBJC_ISA_USAGE = YES_ERROR;
				CLANG_WARN_DOCUMENTATION_COMMENTS = YES;
				CLANG_WARN_EMPTY_BODY = YES;
				CLANG_WARN_ENUM_CONVERSION = YES;
				CLANG_WARN_INFINITE_RECURSION = YES;
				CLANG_WARN_INT_CONVERSION = YES;
				CLANG_WARN_NON_LITERAL_NULL_CONVERSION = YES;
				CLANG_WARN_OBJC_IMPLICIT_RETAIN_SELF = YES;
				CLANG_WARN_OBJC_LITERAL_CONVERSION = YES;
				CLANG_WARN_OBJC_ROOT_CLASS = YES_ERROR;
				CLANG_WARN_RANGE_LOOP_ANALYSIS = YES;
				CLANG_WARN_STRICT_PROTOTYPES = YES;
				CLANG_WARN_SUSPICIOUS_MOVE = YES;
				CLANG_WARN_UNGUARDED_AVAILABILITY = YES_AGGRESSIVE;
				CLANG_WARN_UNREACHABLE_CODE = YES;
				CLANG_WARN__DUPLICATE_METHOD_MATCH = YES;
				COPY_PHASE_STRIP = NO;
				CURRENT_PROJECT_VERSION = 1;
				DEBUG_INFORMATION_FORMAT = dwarf;
				ENABLE_STRICT_OBJC_MSGSEND = YES;
				ENABLE_TESTABILITY = YES;
				GCC_C_LANGUAGE_STANDARD = gnu11;
				GCC_DYNAMIC_NO_PIC = NO;
				GCC_NO_COMMON_BLOCKS = YES;
				GCC_OPTIMIZATION_LEVEL = 0;
				GCC_PREPROCESSOR_DEFINITIONS = (
					"DEBUG=1",
					"$(inherited)",
				);
				GCC_WARN_64_TO_32_BIT_CONVERSION = YES;
				GCC_WARN_ABOUT_RETURN_TYPE = YES_ERROR;
				GCC_WARN_UNDECLARED_SELECTOR = YES;
				GCC_WARN_UNINITIALIZED_AUTOS = YES_AGGRESSIVE;
				GCC_WARN_UNUSED_FUNCTION = YES;
				GCC_WARN_UNUSED_VARIABLE = YES;
				IPHONEOS_DEPLOYMENT_TARGET = 13.2;
				MTL_ENABLE_DEBUG_INFO = INCLUDE_SOURCE;
				MTL_FAST_MATH = YES;
				ONLY_ACTIVE_ARCH = YES;
				SDKROOT = iphoneos;
				SWIFT_ACTIVE_COMPILATION_CONDITIONS = DEBUG;
				SWIFT_OPTIMIZATION_LEVEL = "-Onone";
				VERSIONING_SYSTEM = "apple-generic";
				VERSION_INFO_PREFIX = "";
			};
			name = Debug;
		};
		CD259631243E153B00D8BD54 /* Release */ = {
			isa = XCBuildConfiguration;
			buildSettings = {
				ALWAYS_SEARCH_USER_PATHS = NO;
				CLANG_ANALYZER_NONNULL = YES;
				CLANG_ANALYZER_NUMBER_OBJECT_CONVERSION = YES_AGGRESSIVE;
				CLANG_CXX_LANGUAGE_STANDARD = "gnu++14";
				CLANG_CXX_LIBRARY = "libc++";
				CLANG_ENABLE_MODULES = YES;
				CLANG_ENABLE_OBJC_ARC = YES;
				CLANG_ENABLE_OBJC_WEAK = YES;
				CLANG_WARN_BLOCK_CAPTURE_AUTORELEASING = YES;
				CLANG_WARN_BOOL_CONVERSION = YES;
				CLANG_WARN_COMMA = YES;
				CLANG_WARN_CONSTANT_CONVERSION = YES;
				CLANG_WARN_DEPRECATED_OBJC_IMPLEMENTATIONS = YES;
				CLANG_WARN_DIRECT_OBJC_ISA_USAGE = YES_ERROR;
				CLANG_WARN_DOCUMENTATION_COMMENTS = YES;
				CLANG_WARN_EMPTY_BODY = YES;
				CLANG_WARN_ENUM_CONVERSION = YES;
				CLANG_WARN_INFINITE_RECURSION = YES;
				CLANG_WARN_INT_CONVERSION = YES;
				CLANG_WARN_NON_LITERAL_NULL_CONVERSION = YES;
				CLANG_WARN_OBJC_IMPLICIT_RETAIN_SELF = YES;
				CLANG_WARN_OBJC_LITERAL_CONVERSION = YES;
				CLANG_WARN_OBJC_ROOT_CLASS = YES_ERROR;
				CLANG_WARN_RANGE_LOOP_ANALYSIS = YES;
				CLANG_WARN_STRICT_PROTOTYPES = YES;
				CLANG_WARN_SUSPICIOUS_MOVE = YES;
				CLANG_WARN_UNGUARDED_AVAILABILITY = YES_AGGRESSIVE;
				CLANG_WARN_UNREACHABLE_CODE = YES;
				CLANG_WARN__DUPLICATE_METHOD_MATCH = YES;
				COPY_PHASE_STRIP = NO;
				CURRENT_PROJECT_VERSION = 1;
				DEBUG_INFORMATION_FORMAT = "dwarf-with-dsym";
				ENABLE_NS_ASSERTIONS = NO;
				ENABLE_STRICT_OBJC_MSGSEND = YES;
				GCC_C_LANGUAGE_STANDARD = gnu11;
				GCC_NO_COMMON_BLOCKS = YES;
				GCC_WARN_64_TO_32_BIT_CONVERSION = YES;
				GCC_WARN_ABOUT_RETURN_TYPE = YES_ERROR;
				GCC_WARN_UNDECLARED_SELECTOR = YES;
				GCC_WARN_UNINITIALIZED_AUTOS = YES_AGGRESSIVE;
				GCC_WARN_UNUSED_FUNCTION = YES;
				GCC_WARN_UNUSED_VARIABLE = YES;
				IPHONEOS_DEPLOYMENT_TARGET = 13.2;
				MTL_ENABLE_DEBUG_INFO = NO;
				MTL_FAST_MATH = YES;
				SDKROOT = iphoneos;
				SWIFT_COMPILATION_MODE = wholemodule;
				SWIFT_OPTIMIZATION_LEVEL = "-O";
				VALIDATE_PRODUCT = YES;
				VERSIONING_SYSTEM = "apple-generic";
				VERSION_INFO_PREFIX = "";
			};
			name = Release;
		};
		CD259633243E153B00D8BD54 /* Debug */ = {
			isa = XCBuildConfiguration;
			buildSettings = {
				CODE_SIGN_STYLE = Automatic;
				DEFINES_MODULE = YES;
				DEVELOPMENT_TEAM = CG5UT86E9K;
				DYLIB_COMPATIBILITY_VERSION = 1;
				DYLIB_CURRENT_VERSION = 1;
				DYLIB_INSTALL_NAME_BASE = "@rpath";
				INFOPLIST_FILE = Map/Info.plist;
				INSTALL_PATH = "$(LOCAL_LIBRARY_DIR)/Frameworks";
				LD_RUNPATH_SEARCH_PATHS = (
					"$(inherited)",
					"@executable_path/Frameworks",
					"@loader_path/Frameworks",
				);
				PRODUCT_BUNDLE_IDENTIFIER = co.welim.Map;
				PRODUCT_NAME = "$(TARGET_NAME:c99extidentifier)";
				SKIP_INSTALL = YES;
				SWIFT_VERSION = 5.0;
				TARGETED_DEVICE_FAMILY = "1,2";
			};
			name = Debug;
		};
		CD259634243E153B00D8BD54 /* Release */ = {
			isa = XCBuildConfiguration;
			buildSettings = {
				CODE_SIGN_STYLE = Automatic;
				DEFINES_MODULE = YES;
				DEVELOPMENT_TEAM = CG5UT86E9K;
				DYLIB_COMPATIBILITY_VERSION = 1;
				DYLIB_CURRENT_VERSION = 1;
				DYLIB_INSTALL_NAME_BASE = "@rpath";
				INFOPLIST_FILE = Map/Info.plist;
				INSTALL_PATH = "$(LOCAL_LIBRARY_DIR)/Frameworks";
				LD_RUNPATH_SEARCH_PATHS = (
					"$(inherited)",
					"@executable_path/Frameworks",
					"@loader_path/Frameworks",
				);
				PRODUCT_BUNDLE_IDENTIFIER = co.welim.Map;
				PRODUCT_NAME = "$(TARGET_NAME:c99extidentifier)";
				SKIP_INSTALL = YES;
				SWIFT_VERSION = 5.0;
				TARGETED_DEVICE_FAMILY = "1,2";
			};
			name = Release;
		};
		CD259636243E153B00D8BD54 /* Debug */ = {
			isa = XCBuildConfiguration;
			buildSettings = {
				ALWAYS_EMBED_SWIFT_STANDARD_LIBRARIES = YES;
				CODE_SIGN_STYLE = Automatic;
				DEVELOPMENT_TEAM = CG5UT86E9K;
				INFOPLIST_FILE = MapTests/Info.plist;
				LD_RUNPATH_SEARCH_PATHS = (
					"$(inherited)",
					"@executable_path/Frameworks",
					"@loader_path/Frameworks",
				);
				PRODUCT_BUNDLE_IDENTIFIER = co.welim.MapTests;
				PRODUCT_NAME = "$(TARGET_NAME)";
				SWIFT_VERSION = 5.0;
				TARGETED_DEVICE_FAMILY = "1,2";
			};
			name = Debug;
		};
		CD259637243E153B00D8BD54 /* Release */ = {
			isa = XCBuildConfiguration;
			buildSettings = {
				ALWAYS_EMBED_SWIFT_STANDARD_LIBRARIES = YES;
				CODE_SIGN_STYLE = Automatic;
				DEVELOPMENT_TEAM = CG5UT86E9K;
				INFOPLIST_FILE = MapTests/Info.plist;
				LD_RUNPATH_SEARCH_PATHS = (
					"$(inherited)",
					"@executable_path/Frameworks",
					"@loader_path/Frameworks",
				);
				PRODUCT_BUNDLE_IDENTIFIER = co.welim.MapTests;
				PRODUCT_NAME = "$(TARGET_NAME)";
				SWIFT_VERSION = 5.0;
				TARGETED_DEVICE_FAMILY = "1,2";
			};
			name = Release;
		};
/* End XCBuildConfiguration section */

/* Begin XCConfigurationList section */
		CD259618243E153A00D8BD54 /* Build configuration list for PBXProject "Map" */ = {
			isa = XCConfigurationList;
			buildConfigurations = (
				CD259630243E153B00D8BD54 /* Debug */,
				CD259631243E153B00D8BD54 /* Release */,
			);
			defaultConfigurationIsVisible = 0;
			defaultConfigurationName = Release;
		};
		CD259632243E153B00D8BD54 /* Build configuration list for PBXNativeTarget "Map" */ = {
			isa = XCConfigurationList;
			buildConfigurations = (
				CD259633243E153B00D8BD54 /* Debug */,
				CD259634243E153B00D8BD54 /* Release */,
			);
			defaultConfigurationIsVisible = 0;
			defaultConfigurationName = Release;
		};
		CD259635243E153B00D8BD54 /* Build configuration list for PBXNativeTarget "MapTests" */ = {
			isa = XCConfigurationList;
			buildConfigurations = (
				CD259636243E153B00D8BD54 /* Debug */,
				CD259637243E153B00D8BD54 /* Release */,
			);
			defaultConfigurationIsVisible = 0;
			defaultConfigurationName = Release;
		};
/* End XCConfigurationList section */
	};
	rootObject = CD259615243E153A00D8BD54 /* Project object */;
}
